// !$*UTF8*$!
{
	archiveVersion = 1;
	classes = {
	};
	objectVersion = 56;
	objects = {

/* Begin PBXBuildFile section */
		CF31DA582BC819D400C86C98 /* DataFetcher.swift in Sources */ = {isa = PBXBuildFile; fileRef = CF31DA572BC819D400C86C98 /* DataFetcher.swift */; };
		CF31DA5D2BC81AD100C86C98 /* Data.json in Resources */ = {isa = PBXBuildFile; fileRef = CF31DA5C2BC81AD100C86C98 /* Data.json */; };
		CF31DA5F2BC81B2600C86C98 /* FilterDataResponse.swift in Sources */ = {isa = PBXBuildFile; fileRef = CF31DA5E2BC81B2600C86C98 /* FilterDataResponse.swift */; };
		CF31DA652BC81E6300C86C98 /* MIDTableViewCell.swift in Sources */ = {isa = PBXBuildFile; fileRef = CF31DA632BC81E6300C86C98 /* MIDTableViewCell.swift */; };
		CF31DA662BC81E6300C86C98 /* MIDTableViewCell.xib in Resources */ = {isa = PBXBuildFile; fileRef = CF31DA642BC81E6300C86C98 /* MIDTableViewCell.xib */; };
		CF31DA692BC81FA900C86C98 /* String+Extension.swift in Sources */ = {isa = PBXBuildFile; fileRef = CF31DA682BC81FA900C86C98 /* String+Extension.swift */; };
		CFDAE4B72BC80F3500DC00EC /* AppDelegate.swift in Sources */ = {isa = PBXBuildFile; fileRef = CFDAE4B62BC80F3500DC00EC /* AppDelegate.swift */; };
		CFDAE4B92BC80F3500DC00EC /* SceneDelegate.swift in Sources */ = {isa = PBXBuildFile; fileRef = CFDAE4B82BC80F3500DC00EC /* SceneDelegate.swift */; };
		CFDAE4BB2BC80F3500DC00EC /* HomeViewController.swift in Sources */ = {isa = PBXBuildFile; fileRef = CFDAE4BA2BC80F3500DC00EC /* HomeViewController.swift */; };
		CFDAE4BE2BC80F3500DC00EC /* Main.storyboard in Resources */ = {isa = PBXBuildFile; fileRef = CFDAE4BC2BC80F3500DC00EC /* Main.storyboard */; };
		CFDAE4C02BC80F3600DC00EC /* Assets.xcassets in Resources */ = {isa = PBXBuildFile; fileRef = CFDAE4BF2BC80F3600DC00EC /* Assets.xcassets */; };
		CFDAE4C32BC80F3600DC00EC /* LaunchScreen.storyboard in Resources */ = {isa = PBXBuildFile; fileRef = CFDAE4C12BC80F3600DC00EC /* LaunchScreen.storyboard */; };
/* End PBXBuildFile section */

/* Begin PBXFileReference section */
		CF31DA572BC819D400C86C98 /* DataFetcher.swift */ = {isa = PBXFileReference; lastKnownFileType = sourcecode.swift; path = DataFetcher.swift; sourceTree = "<group>"; };
		CF31DA5C2BC81AD100C86C98 /* Data.json */ = {isa = PBXFileReference; lastKnownFileType = text.json; path = Data.json; sourceTree = "<group>"; };
		CF31DA5E2BC81B2600C86C98 /* FilterDataResponse.swift */ = {isa = PBXFileReference; lastKnownFileType = sourcecode.swift; path = FilterDataResponse.swift; sourceTree = "<group>"; };
		CF31DA632BC81E6300C86C98 /* MIDTableViewCell.swift */ = {isa = PBXFileReference; lastKnownFileType = sourcecode.swift; path = MIDTableViewCell.swift; sourceTree = "<group>"; };
		CF31DA642BC81E6300C86C98 /* MIDTableViewCell.xib */ = {isa = PBXFileReference; lastKnownFileType = file.xib; path = MIDTableViewCell.xib; sourceTree = "<group>"; };
		CF31DA682BC81FA900C86C98 /* String+Extension.swift */ = {isa = PBXFileReference; lastKnownFileType = sourcecode.swift; path = "String+Extension.swift"; sourceTree = "<group>"; };
		CFDAE4B32BC80F3500DC00EC /* MintOak_Machine_Round.app */ = {isa = PBXFileReference; explicitFileType = wrapper.application; includeInIndex = 0; path = MintOak_Machine_Round.app; sourceTree = BUILT_PRODUCTS_DIR; };
		CFDAE4B62BC80F3500DC00EC /* AppDelegate.swift */ = {isa = PBXFileReference; lastKnownFileType = sourcecode.swift; path = AppDelegate.swift; sourceTree = "<group>"; };
		CFDAE4B82BC80F3500DC00EC /* SceneDelegate.swift */ = {isa = PBXFileReference; lastKnownFileType = sourcecode.swift; path = SceneDelegate.swift; sourceTree = "<group>"; };
		CFDAE4BA2BC80F3500DC00EC /* HomeViewController.swift */ = {isa = PBXFileReference; lastKnownFileType = sourcecode.swift; path = HomeViewController.swift; sourceTree = "<group>"; };
		CFDAE4BD2BC80F3500DC00EC /* Base */ = {isa = PBXFileReference; lastKnownFileType = file.storyboard; name = Base; path = Base.lproj/Main.storyboard; sourceTree = "<group>"; };
		CFDAE4BF2BC80F3600DC00EC /* Assets.xcassets */ = {isa = PBXFileReference; lastKnownFileType = folder.assetcatalog; path = Assets.xcassets; sourceTree = "<group>"; };
		CFDAE4C22BC80F3600DC00EC /* Base */ = {isa = PBXFileReference; lastKnownFileType = file.storyboard; name = Base; path = Base.lproj/LaunchScreen.storyboard; sourceTree = "<group>"; };
		CFDAE4C42BC80F3600DC00EC /* Info.plist */ = {isa = PBXFileReference; lastKnownFileType = text.plist.xml; path = Info.plist; sourceTree = "<group>"; };
/* End PBXFileReference section */

/* Begin PBXFrameworksBuildPhase section */
		CFDAE4B02BC80F3400DC00EC /* Frameworks */ = {
			isa = PBXFrameworksBuildPhase;
			buildActionMask = 2147483647;
			files = (
			);
			runOnlyForDeploymentPostprocessing = 0;
		};
/* End PBXFrameworksBuildPhase section */

/* Begin PBXGroup section */
		CF31DA592BC81A4700C86C98 /* Model */ = {
			isa = PBXGroup;
			children = (
				CF31DA5B2BC81A6600C86C98 /* Entities */,
				CF31DA5A2BC81A6000C86C98 /* Files */,
			);
			path = Model;
			sourceTree = "<group>";
		};
		CF31DA5A2BC81A6000C86C98 /* Files */ = {
			isa = PBXGroup;
			children = (
				CF31DA5C2BC81AD100C86C98 /* Data.json */,
			);
			path = Files;
			sourceTree = "<group>";
		};
		CF31DA5B2BC81A6600C86C98 /* Entities */ = {
			isa = PBXGroup;
			children = (
				CF31DA5E2BC81B2600C86C98 /* FilterDataResponse.swift */,
			);
			path = Entities;
			sourceTree = "<group>";
		};
		CF31DA602BC81DF200C86C98 /* Controller */ = {
			isa = PBXGroup;
			children = (
				CFDAE4BA2BC80F3500DC00EC /* HomeViewController.swift */,
			);
			path = Controller;
			sourceTree = "<group>";
		};
		CF31DA612BC81DFD00C86C98 /* View */ = {
			isa = PBXGroup;
			children = (
				CF31DA622BC81E1700C86C98 /* Cells */,
				CFDAE4BC2BC80F3500DC00EC /* Main.storyboard */,
			);
			path = View;
			sourceTree = "<group>";
		};
		CF31DA622BC81E1700C86C98 /* Cells */ = {
			isa = PBXGroup;
			children = (
				CF31DA632BC81E6300C86C98 /* MIDTableViewCell.swift */,
				CF31DA642BC81E6300C86C98 /* MIDTableViewCell.xib */,
			);
			path = Cells;
			sourceTree = "<group>";
		};
		CF31DA672BC81F9A00C86C98 /* Extensions */ = {
			isa = PBXGroup;
			children = (
				CF31DA682BC81FA900C86C98 /* String+Extension.swift */,
			);
			path = Extensions;
			sourceTree = "<group>";
		};
		CFDAE4AA2BC80F3400DC00EC = {
			isa = PBXGroup;
			children = (
				CFDAE4B52BC80F3500DC00EC /* MintOak_Machine_Round */,
				CFDAE4B42BC80F3500DC00EC /* Products */,
			);
			sourceTree = "<group>";
		};
		CFDAE4B42BC80F3500DC00EC /* Products */ = {
			isa = PBXGroup;
			children = (
				CFDAE4B32BC80F3500DC00EC /* MintOak_Machine_Round.app */,
			);
			name = Products;
			sourceTree = "<group>";
		};
		CFDAE4B52BC80F3500DC00EC /* MintOak_Machine_Round */ = {
			isa = PBXGroup;
			children = (
				CF31DA672BC81F9A00C86C98 /* Extensions */,
				CF31DA592BC81A4700C86C98 /* Model */,
				CFDAE4B62BC80F3500DC00EC /* AppDelegate.swift */,
				CFDAE4B82BC80F3500DC00EC /* SceneDelegate.swift */,
				CF31DA612BC81DFD00C86C98 /* View */,
				CF31DA602BC81DF200C86C98 /* Controller */,
				CFDAE4BF2BC80F3600DC00EC /* Assets.xcassets */,
				CFDAE4C12BC80F3600DC00EC /* LaunchScreen.storyboard */,
				CFDAE4C42BC80F3600DC00EC /* Info.plist */,
				CF31DA572BC819D400C86C98 /* DataFetcher.swift */,
			);
			path = MintOak_Machine_Round;
			sourceTree = "<group>";
		};
/* End PBXGroup section */

/* Begin PBXNativeTarget section */
		CFDAE4B22BC80F3400DC00EC /* MintOak_Machine_Round */ = {
			isa = PBXNativeTarget;
			buildConfigurationList = CFDAE4C72BC80F3600DC00EC /* Build configuration list for PBXNativeTarget "MintOak_Machine_Round" */;
			buildPhases = (
				CFDAE4AF2BC80F3400DC00EC /* Sources */,
				CFDAE4B02BC80F3400DC00EC /* Frameworks */,
				CFDAE4B12BC80F3400DC00EC /* Resources */,
			);
			buildRules = (
			);
			dependencies = (
			);
			name = MintOak_Machine_Round;
			productName = MintOak_Machine_Round;
			productReference = CFDAE4B32BC80F3500DC00EC /* MintOak_Machine_Round.app */;
			productType = "com.apple.product-type.application";
		};
/* End PBXNativeTarget section */

/* Begin PBXProject section */
		CFDAE4AB2BC80F3400DC00EC /* Project object */ = {
			isa = PBXProject;
			attributes = {
				BuildIndependentTargetsInParallel = 1;
				LastSwiftUpdateCheck = 1500;
				LastUpgradeCheck = 1500;
				TargetAttributes = {
					CFDAE4B22BC80F3400DC00EC = {
						CreatedOnToolsVersion = 15.0;
					};
				};
			};
			buildConfigurationList = CFDAE4AE2BC80F3400DC00EC /* Build configuration list for PBXProject "MintOak_Machine_Round" */;
			compatibilityVersion = "Xcode 14.0";
			developmentRegion = en;
			hasScannedForEncodings = 0;
			knownRegions = (
				en,
				Base,
			);
			mainGroup = CFDAE4AA2BC80F3400DC00EC;
			productRefGroup = CFDAE4B42BC80F3500DC00EC /* Products */;
			projectDirPath = "";
			projectRoot = "";
			targets = (
				CFDAE4B22BC80F3400DC00EC /* MintOak_Machine_Round */,
			);
		};
/* End PBXProject section */

/* Begin PBXResourcesBuildPhase section */
		CFDAE4B12BC80F3400DC00EC /* Resources */ = {
			isa = PBXResourcesBuildPhase;
			buildActionMask = 2147483647;
			files = (
				CFDAE4C32BC80F3600DC00EC /* LaunchScreen.storyboard in Resources */,
				CF31DA662BC81E6300C86C98 /* MIDTableViewCell.xib in Resources */,
				CFDAE4C02BC80F3600DC00EC /* Assets.xcassets in Resources */,
				CFDAE4BE2BC80F3500DC00EC /* Main.storyboard in Resources */,
				CF31DA5D2BC81AD100C86C98 /* Data.json in Resources */,
			);
			runOnlyForDeploymentPostprocessing = 0;
		};
/* End PBXResourcesBuildPhase section */

/* Begin PBXSourcesBuildPhase section */
		CFDAE4AF2BC80F3400DC00EC /* Sources */ = {
			isa = PBXSourcesBuildPhase;
			buildActionMask = 2147483647;
			files = (
				CFDAE4BB2BC80F3500DC00EC /* HomeViewController.swift in Sources */,
				CF31DA692BC81FA900C86C98 /* String+Extension.swift in Sources */,
				CF31DA5F2BC81B2600C86C98 /* FilterDataResponse.swift in Sources */,
				CF31DA652BC81E6300C86C98 /* MIDTableViewCell.swift in Sources */,
				CFDAE4B72BC80F3500DC00EC /* AppDelegate.swift in Sources */,
				CFDAE4B92BC80F3500DC00EC /* SceneDelegate.swift in Sources */,
				CF31DA582BC819D400C86C98 /* DataFetcher.swift in Sources */,
			);
			runOnlyForDeploymentPostprocessing = 0;
		};
/* End PBXSourcesBuildPhase section */

/* Begin PBXVariantGroup section */
		CFDAE4BC2BC80F3500DC00EC /* Main.storyboard */ = {
			isa = PBXVariantGroup;
			children = (
				CFDAE4BD2BC80F3500DC00EC /* Base */,
			);
			name = Main.storyboard;
			sourceTree = "<group>";
		};
		CFDAE4C12BC80F3600DC00EC /* LaunchScreen.storyboard */ = {
			isa = PBXVariantGroup;
			children = (
				CFDAE4C22BC80F3600DC00EC /* Base */,
			);
			name = LaunchScreen.storyboard;
			sourceTree = "<group>";
		};
/* End PBXVariantGroup section */

/* Begin XCBuildConfiguration section */
		CFDAE4C52BC80F3600DC00EC /* Debug */ = {
			isa = XCBuildConfiguration;
			buildSettings = {
				ALWAYS_SEARCH_USER_PATHS = NO;
				ASSETCATALOG_COMPILER_GENERATE_SWIFT_ASSET_SYMBOL_EXTENSIONS = YES;
				CLANG_ANALYZER_NONNULL = YES;
				CLANG_ANALYZER_NUMBER_OBJECT_CONVERSION = YES_AGGRESSIVE;
				CLANG_CXX_LANGUAGE_STANDARD = "gnu++20";
				CLANG_ENABLE_MODULES = YES;
				CLANG_ENABLE_OBJC_ARC = YES;
				CLANG_ENABLE_OBJC_WEAK = YES;
				CLANG_WARN_BLOCK_CAPTURE_AUTORELEASING = YES;
				CLANG_WARN_BOOL_CONVERSION = YES;
				CLANG_WARN_COMMA = YES;
				CLANG_WARN_CONSTANT_CONVERSION = YES;
				CLANG_WARN_DEPRECATED_OBJC_IMPLEMENTATIONS = YES;
				CLANG_WARN_DIRECT_OBJC_ISA_USAGE = YES_ERROR;
				CLANG_WARN_DOCUMENTATION_COMMENTS = YES;
				CLANG_WARN_EMPTY_BODY = YES;
				CLANG_WARN_ENUM_CONVERSION = YES;
				CLANG_WARN_INFINITE_RECURSION = YES;
				CLANG_WARN_INT_CONVERSION = YES;
				CLANG_WARN_NON_LITERAL_NULL_CONVERSION = YES;
				CLANG_WARN_OBJC_IMPLICIT_RETAIN_SELF = YES;
				CLANG_WARN_OBJC_LITERAL_CONVERSION = YES;
				CLANG_WARN_OBJC_ROOT_CLASS = YES_ERROR;
				CLANG_WARN_QUOTED_INCLUDE_IN_FRAMEWORK_HEADER = YES;
				CLANG_WARN_RANGE_LOOP_ANALYSIS = YES;
				CLANG_WARN_STRICT_PROTOTYPES = YES;
				CLANG_WARN_SUSPICIOUS_MOVE = YES;
				CLANG_WARN_UNGUARDED_AVAILABILITY = YES_AGGRESSIVE;
				CLANG_WARN_UNREACHABLE_CODE = YES;
				CLANG_WARN__DUPLICATE_METHOD_MATCH = YES;
				COPY_PHASE_STRIP = NO;
				DEBUG_INFORMATION_FORMAT = dwarf;
				ENABLE_STRICT_OBJC_MSGSEND = YES;
				ENABLE_TESTABILITY = YES;
				ENABLE_USER_SCRIPT_SANDBOXING = YES;
				GCC_C_LANGUAGE_STANDARD = gnu17;
				GCC_DYNAMIC_NO_PIC = NO;
				GCC_NO_COMMON_BLOCKS = YES;
				GCC_OPTIMIZATION_LEVEL = 0;
				GCC_PREPROCESSOR_DEFINITIONS = (
					"DEBUG=1",
					"$(inherited)",
				);
				GCC_WARN_64_TO_32_BIT_CONVERSION = YES;
				GCC_WARN_ABOUT_RETURN_TYPE = YES_ERROR;
				GCC_WARN_UNDECLARED_SELECTOR = YES;
				GCC_WARN_UNINITIALIZED_AUTOS = YES_AGGRESSIVE;
				GCC_WARN_UNUSED_FUNCTION = YES;
				GCC_WARN_UNUSED_VARIABLE = YES;
				IPHONEOS_DEPLOYMENT_TARGET = 17.0;
				LOCALIZATION_PREFERS_STRING_CATALOGS = YES;
				MTL_ENABLE_DEBUG_INFO = INCLUDE_SOURCE;
				MTL_FAST_MATH = YES;
				ONLY_ACTIVE_ARCH = YES;
				SDKROOT = iphoneos;
				SWIFT_ACTIVE_COMPILATION_CONDITIONS = "DEBUG $(inherited)";
				SWIFT_OPTIMIZATION_LEVEL = "-Onone";
			};
			name = Debug;
		};
		CFDAE4C62BC80F3600DC00EC /* Release */ = {
			isa = XCBuildConfiguration;
			buildSettings = {
				ALWAYS_SEARCH_USER_PATHS = NO;
				ASSETCATALOG_COMPILER_GENERATE_SWIFT_ASSET_SYMBOL_EXTENSIONS = YES;
				CLANG_ANALYZER_NONNULL = YES;
				CLANG_ANALYZER_NUMBER_OBJECT_CONVERSION = YES_AGGRESSIVE;
				CLANG_CXX_LANGUAGE_STANDARD = "gnu++20";
				CLANG_ENABLE_MODULES = YES;
				CLANG_ENABLE_OBJC_ARC = YES;
				CLANG_ENABLE_OBJC_WEAK = YES;
				CLANG_WARN_BLOCK_CAPTURE_AUTORELEASING = YES;
				CLANG_WARN_BOOL_CONVERSION = YES;
				CLANG_WARN_COMMA = YES;
				CLANG_WARN_CONSTANT_CONVERSION = YES;
				CLANG_WARN_DEPRECATED_OBJC_IMPLEMENTATIONS = YES;
				CLANG_WARN_DIRECT_OBJC_ISA_USAGE = YES_ERROR;
				CLANG_WARN_DOCUMENTATION_COMMENTS = YES;
				CLANG_WARN_EMPTY_BODY = YES;
				CLANG_WARN_ENUM_CONVERSION = YES;
				CLANG_WARN_INFINITE_RECURSION = YES;
				CLANG_WARN_INT_CONVERSION = YES;
				CLANG_WARN_NON_LITERAL_NULL_CONVERSION = YES;
				CLANG_WARN_OBJC_IMPLICIT_RETAIN_SELF = YES;
				CLANG_WARN_OBJC_LITERAL_CONVERSION = YES;
				CLANG_WARN_OBJC_ROOT_CLASS = YES_ERROR;
				CLANG_WARN_QUOTED_INCLUDE_IN_FRAMEWORK_HEADER = YES;
				CLANG_WARN_RANGE_LOOP_ANALYSIS = YES;
				CLANG_WARN_STRICT_PROTOTYPES = YES;
				CLANG_WARN_SUSPICIOUS_MOVE = YES;
				CLANG_WARN_UNGUARDED_AVAILABILITY = YES_AGGRESSIVE;
				CLANG_WARN_UNREACHABLE_CODE = YES;
				CLANG_WARN__DUPLICATE_METHOD_MATCH = YES;
				COPY_PHASE_STRIP = NO;
				DEBUG_INFORMATION_FORMAT = "dwarf-with-dsym";
				ENABLE_NS_ASSERTIONS = NO;
				ENABLE_STRICT_OBJC_MSGSEND = YES;
				ENABLE_USER_SCRIPT_SANDBOXING = YES;
				GCC_C_LANGUAGE_STANDARD = gnu17;
				GCC_NO_COMMON_BLOCKS = YES;
				GCC_WARN_64_TO_32_BIT_CONVERSION = YES;
				GCC_WARN_ABOUT_RETURN_TYPE = YES_ERROR;
				GCC_WARN_UNDECLARED_SELECTOR = YES;
				GCC_WARN_UNINITIALIZED_AUTOS = YES_AGGRESSIVE;
				GCC_WARN_UNUSED_FUNCTION = YES;
				GCC_WARN_UNUSED_VARIABLE = YES;
				IPHONEOS_DEPLOYMENT_TARGET = 17.0;
				LOCALIZATION_PREFERS_STRING_CATALOGS = YES;
				MTL_ENABLE_DEBUG_INFO = NO;
				MTL_FAST_MATH = YES;
				SDKROOT = iphoneos;
				SWIFT_COMPILATION_MODE = wholemodule;
				VALIDATE_PRODUCT = YES;
			};
			name = Release;
		};
		CFDAE4C82BC80F3600DC00EC /* Debug */ = {
			isa = XCBuildConfiguration;
			buildSettings = {
				ASSETCATALOG_COMPILER_APPICON_NAME = AppIcon;
				ASSETCATALOG_COMPILER_GLOBAL_ACCENT_COLOR_NAME = AccentColor;
				CODE_SIGN_STYLE = Automatic;
				CURRENT_PROJECT_VERSION = 1;
				DEVELOPMENT_TEAM = 8CZAWFVG97;
				GENERATE_INFOPLIST_FILE = YES;
				INFOPLIST_FILE = MintOak_Machine_Round/Info.plist;
				INFOPLIST_KEY_UIApplicationSupportsIndirectInputEvents = YES;
				INFOPLIST_KEY_UILaunchStoryboardName = LaunchScreen;
				INFOPLIST_KEY_UIMainStoryboardFile = Main;
				INFOPLIST_KEY_UISupportedInterfaceOrientations_iPad = "UIInterfaceOrientationPortrait UIInterfaceOrientationPortraitUpsideDown UIInterfaceOrientationLandscapeLeft UIInterfaceOrientationLandscapeRight";
				INFOPLIST_KEY_UISupportedInterfaceOrientations_iPhone = "UIInterfaceOrientationPortrait UIInterfaceOrientationLandscapeLeft UIInterfaceOrientationLandscapeRight";
				LD_RUNPATH_SEARCH_PATHS = (
					"$(inherited)",
					"@executable_path/Frameworks",
				);
				MARKETING_VERSION = 1.0;
				PRODUCT_BUNDLE_IDENTIFIER = "com.akshaysarmalkar.MintOak-Machine-Round";
				PRODUCT_NAME = "$(TARGET_NAME)";
				SWIFT_EMIT_LOC_STRINGS = YES;
				SWIFT_VERSION = 5.0;
				TARGETED_DEVICE_FAMILY = "1,2";
			};
			name = Debug;
		};
		CFDAE4C92BC80F3600DC00EC /* Release */ = {
			isa = XCBuildConfiguration;
			buildSettings = {
				ASSETCATALOG_COMPILER_APPICON_NAME = AppIcon;
				ASSETCATALOG_COMPILER_GLOBAL_ACCENT_COLOR_NAME = AccentColor;
				CODE_SIGN_STYLE = Automatic;
				CURRENT_PROJECT_VERSION = 1;
				DEVELOPMENT_TEAM = 8CZAWFVG97;
				GENERATE_INFOPLIST_FILE = YES;
				INFOPLIST_FILE = MintOak_Machine_Round/Info.plist;
				INFOPLIST_KEY_UIApplicationSupportsIndirectInputEvents = YES;
				INFOPLIST_KEY_UILaunchStoryboardName = LaunchScreen;
				INFOPLIST_KEY_UIMainStoryboardFile = Main;
				INFOPLIST_KEY_UISupportedInterfaceOrientations_iPad = "UIInterfaceOrientationPortrait UIInterfaceOrientationPortraitUpsideDown UIInterfaceOrientationLandscapeLeft UIInterfaceOrientationLandscapeRight";
				INFOPLIST_KEY_UISupportedInterfaceOrientations_iPhone = "UIInterfaceOrientationPortrait UIInterfaceOrientationLandscapeLeft UIInterfaceOrientationLandscapeRight";
				LD_RUNPATH_SEARCH_PATHS = (
					"$(inherited)",
					"@executable_path/Frameworks",
				);
				MARKETING_VERSION = 1.0;
				PRODUCT_BUNDLE_IDENTIFIER = "com.akshaysarmalkar.MintOak-Machine-Round";
				PRODUCT_NAME = "$(TARGET_NAME)";
				SWIFT_EMIT_LOC_STRINGS = YES;
				SWIFT_VERSION = 5.0;
				TARGETED_DEVICE_FAMILY = "1,2";
			};
			name = Release;
		};
/* End XCBuildConfiguration section */

/* Begin XCConfigurationList section */
		CFDAE4AE2BC80F3400DC00EC /* Build configuration list for PBXProject "MintOak_Machine_Round" */ = {
			isa = XCConfigurationList;
			buildConfigurations = (
				CFDAE4C52BC80F3600DC00EC /* Debug */,
				CFDAE4C62BC80F3600DC00EC /* Release */,
			);
			defaultConfigurationIsVisible = 0;
			defaultConfigurationName = Release;
		};
		CFDAE4C72BC80F3600DC00EC /* Build configuration list for PBXNativeTarget "MintOak_Machine_Round" */ = {
			isa = XCConfigurationList;
			buildConfigurations = (
				CFDAE4C82BC80F3600DC00EC /* Debug */,
				CFDAE4C92BC80F3600DC00EC /* Release */,
			);
			defaultConfigurationIsVisible = 0;
			defaultConfigurationName = Release;
		};
/* End XCConfigurationList section */
	};
	rootObject = CFDAE4AB2BC80F3400DC00EC /* Project object */;
}
